
Microsoft Visual Studio Solution File, Format Version 12.00
# Visual Studio Version 17
VisualStudioVersion = 17.8.34525.116
MinimumVisualStudioVersion = 10.0.40219.1
Project("{FAE04EC0-301F-11D3-BF4B-00C04F79EFBC}") = "todo-api", "todo-api\todo-api.csproj", "{DE88CBF7-78B5-4CCE-B23F-00CB95712040}"
EndProject
Global
	GlobalSection(SolutionConfigurationPlatforms) = preSolution
		Debug|Any CPU = Debug|Any CPU
		Release|Any CPU = Release|Any CPU
	EndGlobalSection
	GlobalSection(ProjectConfigurationPlatforms) = postSolution
		{DE88CBF7-78B5-4CCE-B23F-00CB95712040}.Debug|Any CPU.ActiveCfg = Debug|Any CPU
		{DE88CBF7-78B5-4CCE-B23F-00CB95712040}.Debug|Any CPU.Build.0 = Debug|Any CPU
		{DE88CBF7-78B5-4CCE-B23F-00CB95712040}.Release|Any CPU.ActiveCfg = Release|Any CPU
		{DE88CBF7-78B5-4CCE-B23F-00CB95712040}.Release|Any CPU.Build.0 = Release|Any CPU
	EndGlobalSection
	GlobalSection(SolutionProperties) = preSolution
		HideSolutionNode = FALSE
	EndGlobalSection
	GlobalSection(ExtensibilityGlobals) = postSolution
		SolutionGuid = {151D39B3-0A26-413D-BBB5-18E62E0E3C6D}
	EndGlobalSection
EndGlobal
